<?xml version="1.0" encoding="utf-8"?>
<Project ToolsVersion="4.0" xmlns="http://schemas.microsoft.com/developer/msbuild/2003">
  <ItemGroup>
    <Filter Include="include">
      <UniqueIdentifier>{93995380-89BD-4b04-88EB-625FBE52EBFB}</UniqueIdentifier>
      <Extensions>h;hh;hpp;hxx;hm;inl;inc;ipp;xsd</Extensions>
    </Filter>
    <Filter Include="src">
      <UniqueIdentifier>{4FC737F1-C7A5-4376-A066-2A32D752A2FF}</UniqueIdentifier>
      <Extensions>cpp;c;cc;cxx;def;odl;idl;hpj;bat;asm;asmx</Extensions>
    </Filter>
    <Filter Include="resource">
      <UniqueIdentifier>{67DA6AB6-F800-4c08-8B7A-83BB121AAD01}</UniqueIdentifier>
      <Extensions>rc;ico;cur;bmp;dlg;rc2;rct;bin;rgs;gif;jpg;jpeg;jpe;resx;tiff;tif;png;wav;mfcribbon-ms</Extensions>
    </Filter>
    <Filter Include="src\imgui">
      <UniqueIdentifier>{196d1e49-d78c-4a7d-87e3-09141fc5b5eb}</UniqueIdentifier>
    </Filter>
    <Filter Include="include\imgui">
      <UniqueIdentifier>{e27b628c-ea5a-4c5a-8505-c3406633a1da}</UniqueIdentifier>
    </Filter>
    <Filter Include="include\editor">
      <UniqueIdentifier>{66c31a31-9741-47af-8def-f077204835bb}</UniqueIdentifier>
    </Filter>
    <Filter Include="include\world">
      <UniqueIdentifier>{a9a001a4-a3f9-4ec4-a47c-36f385551888}</UniqueIdentifier>
    </Filter>
  </ItemGroup>
  <ItemGroup>
    <ClInclude Include="include\types.hpp">
      <Filter>include</Filter>
    </ClInclude>
    <ClInclude Include="include\exceptions.hpp">
      <Filter>include</Filter>
    </ClInclude>
    <ClInclude Include="include\assets\msh\material.hpp">
      <Filter>include</Filter>
    </ClInclude>
    <ClInclude Include="include\utility\enum_bitflags.hpp">
      <Filter>include</Filter>
    </ClInclude>
    <ClInclude Include="include\assets\msh\scene.hpp">
      <Filter>include</Filter>
    </ClInclude>
    <ClInclude Include="include\assets\msh\scene_io.hpp">
      <Filter>include</Filter>
    </ClInclude>
    <ClInclude Include="include\utility\read_file.hpp">
      <Filter>include</Filter>
    </ClInclude>
    <ClInclude Include="include\ucfb\reader.hpp">
      <Filter>include</Filter>
    </ClInclude>
    <ClInclude Include="include\utility\make_from_bytes.hpp">
      <Filter>include</Filter>
    </ClInclude>
    <ClInclude Include="include\utility\string_ops.hpp">
      <Filter>include</Filter>
    </ClInclude>
    <ClInclude Include="include\assets\odf\definition.hpp">
      <Filter>include</Filter>
    </ClInclude>
    <ClInclude Include="include\assets\odf\properties.hpp">
      <Filter>include</Filter>
    </ClInclude>
    <ClInclude Include="include\assets\odf\definition_io.hpp">
      <Filter>include</Filter>
    </ClInclude>
    <ClInclude Include="include\assets\config\values.hpp">
      <Filter>include</Filter>
    </ClInclude>
    <ClInclude Include="include\assets\config\key_node.hpp">
      <Filter>include</Filter>
    </ClInclude>
    <ClInclude Include="include\assets\config\io.hpp">
      <Filter>include</Filter>
    </ClInclude>
    <ClInclude Include="include\assets\terrain\terrain.hpp">
      <Filter>include</Filter>
    </ClInclude>
    <ClInclude Include="include\assets\terrain\terrain_io.hpp">
      <Filter>include</Filter>
    </ClInclude>
    <ClInclude Include="include\utility\binary_reader.hpp">
      <Filter>include</Filter>
    </ClInclude>
    <ClInclude Include="include\utility\srgb_conversion.hpp">
      <Filter>include</Filter>
    </ClInclude>
    <ClInclude Include="include\world\world.hpp">
      <Filter>include</Filter>
    </ClInclude>
    <ClInclude Include="include\world\layer_description.hpp">
      <Filter>include</Filter>
    </ClInclude>
    <ClInclude Include="include\world\gamemode_description.hpp">
      <Filter>include</Filter>
    </ClInclude>
    <ClInclude Include="include\world\light.hpp">
      <Filter>include</Filter>
    </ClInclude>
    <ClInclude Include="include\world\lighting_settings.hpp">
      <Filter>include</Filter>
    </ClInclude>
    <ClInclude Include="include\world\object.hpp">
      <Filter>include</Filter>
    </ClInclude>
    <ClInclude Include="include\world\path.hpp">
      <Filter>include</Filter>
    </ClInclude>
    <ClInclude Include="include\world\region.hpp">
      <Filter>include</Filter>
    </ClInclude>
    <ClInclude Include="include\world\sector.hpp">
      <Filter>include</Filter>
    </ClInclude>
    <ClInclude Include="include\world\portal.hpp">
      <Filter>include</Filter>
    </ClInclude>
    <ClInclude Include="include\world\hintnode.hpp">
      <Filter>include</Filter>
    </ClInclude>
    <ClInclude Include="include\world\barrier.hpp">
      <Filter>include</Filter>
    </ClInclude>
    <ClInclude Include="include\world\planning.hpp">
      <Filter>include</Filter>
    </ClInclude>
    <ClInclude Include="include\world\ai_path_flags.hpp">
      <Filter>include</Filter>
    </ClInclude>
    <ClInclude Include="include\world\boundary.hpp">
      <Filter>include</Filter>
    </ClInclude>
    <ClInclude Include="include\world\terrain.hpp">
      <Filter>include</Filter>
    </ClInclude>
    <ClInclude Include="include\container\dynamic_array_2d.hpp">
      <Filter>include</Filter>
    </ClInclude>
    <ClInclude Include="include\utility\make_range.hpp">
      <Filter>include</Filter>
    </ClInclude>
    <ClInclude Include="include\output_stream.hpp">
      <Filter>include</Filter>
    </ClInclude>
    <ClInclude Include="include\world\world_io.hpp">
      <Filter>include</Filter>
    </ClInclude>
    <ClInclude Include="include\graphics\model.hpp">
      <Filter>include</Filter>
    </ClInclude>
    <ClInclude Include="include\graphics\bounding_box.hpp">
      <Filter>include</Filter>
    </ClInclude>
    <ClInclude Include="include\graphics\gpu_device.hpp">
      <Filter>include</Filter>
    </ClInclude>
    <ClInclude Include="include\utility\com_ptr.hpp">
      <Filter>include</Filter>
    </ClInclude>
    <ClInclude Include="include\hresult_error.hpp">
      <Filter>include</Filter>
    </ClInclude>
    <ClInclude Include="src\ucfb\reader.hpp">
      <Filter>include</Filter>
    </ClInclude>
    <ClInclude Include="src\graphics\model.hpp">
      <Filter>include</Filter>
    </ClInclude>
    <ClInclude Include="src\container\dynamic_array_2d.hpp">
      <Filter>include</Filter>
    </ClInclude>
    <ClInclude Include="src\assets\terrain\terrain_io.hpp">
      <Filter>include</Filter>
    </ClInclude>
    <ClInclude Include="src\assets\terrain\terrain.hpp">
      <Filter>include</Filter>
    </ClInclude>
    <ClInclude Include="src\assets\odf\properties.hpp">
      <Filter>include</Filter>
    </ClInclude>
    <ClInclude Include="src\assets\odf\definition_io.hpp">
      <Filter>include</Filter>
    </ClInclude>
    <ClInclude Include="src\assets\odf\definition.hpp">
      <Filter>include</Filter>
    </ClInclude>
    <ClInclude Include="src\assets\msh\scene_io.hpp">
      <Filter>include</Filter>
    </ClInclude>
    <ClInclude Include="src\assets\msh\scene.hpp">
      <Filter>include</Filter>
    </ClInclude>
    <ClInclude Include="src\assets\msh\material.hpp">
      <Filter>include</Filter>
    </ClInclude>
    <ClInclude Include="src\assets\config\values.hpp">
      <Filter>include</Filter>
    </ClInclude>
    <ClInclude Include="src\assets\config\key_node.hpp">
      <Filter>include</Filter>
    </ClInclude>
    <ClInclude Include="src\assets\config\io.hpp">
      <Filter>include</Filter>
    </ClInclude>
    <ClInclude Include="src\utility\binary_reader.hpp">
      <Filter>include</Filter>
    </ClInclude>
    <ClInclude Include="src\utility\com_ptr.hpp">
      <Filter>include</Filter>
    </ClInclude>
    <ClInclude Include="src\utility\enum_bitflags.hpp">
      <Filter>include</Filter>
    </ClInclude>
    <ClInclude Include="src\utility\make_from_bytes.hpp">
      <Filter>include</Filter>
    </ClInclude>
    <ClInclude Include="src\utility\make_range.hpp">
      <Filter>include</Filter>
    </ClInclude>
    <ClInclude Include="src\utility\read_file.hpp">
      <Filter>include</Filter>
    </ClInclude>
    <ClInclude Include="src\utility\srgb_conversion.hpp">
      <Filter>include</Filter>
    </ClInclude>
    <ClInclude Include="src\utility\string_ops.hpp">
      <Filter>include</Filter>
    </ClInclude>
    <ClInclude Include="src\exceptions.hpp">
      <Filter>include</Filter>
    </ClInclude>
    <ClInclude Include="src\hresult_error.hpp">
      <Filter>include</Filter>
    </ClInclude>
    <ClInclude Include="src\output_stream.hpp">
      <Filter>include</Filter>
    </ClInclude>
    <ClInclude Include="src\types.hpp">
      <Filter>include</Filter>
    </ClInclude>
    <ClInclude Include="src\world\ai_path_flags.hpp">
      <Filter>include</Filter>
    </ClInclude>
    <ClInclude Include="src\world\barrier.hpp">
      <Filter>include</Filter>
    </ClInclude>
    <ClInclude Include="src\world\boundary.hpp">
      <Filter>include</Filter>
    </ClInclude>
    <ClInclude Include="src\world\gamemode_description.hpp">
      <Filter>include</Filter>
    </ClInclude>
    <ClInclude Include="src\world\hintnode.hpp">
      <Filter>include</Filter>
    </ClInclude>
    <ClInclude Include="src\world\layer_description.hpp">
      <Filter>include</Filter>
    </ClInclude>
    <ClInclude Include="src\world\light.hpp">
      <Filter>include</Filter>
    </ClInclude>
    <ClInclude Include="src\world\lighting_settings.hpp">
      <Filter>include</Filter>
    </ClInclude>
    <ClInclude Include="src\world\object.hpp">
      <Filter>include</Filter>
    </ClInclude>
    <ClInclude Include="src\world\path.hpp">
      <Filter>include</Filter>
    </ClInclude>
    <ClInclude Include="src\world\planning.hpp">
      <Filter>include</Filter>
    </ClInclude>
    <ClInclude Include="src\world\portal.hpp">
      <Filter>include</Filter>
    </ClInclude>
    <ClInclude Include="src\world\region.hpp">
      <Filter>include</Filter>
    </ClInclude>
    <ClInclude Include="src\world\sector.hpp">
      <Filter>include</Filter>
    </ClInclude>
    <ClInclude Include="src\world\terrain.hpp">
      <Filter>include</Filter>
    </ClInclude>
    <ClInclude Include="src\world\world.hpp">
      <Filter>include</Filter>
    </ClInclude>
    <ClInclude Include="src\world\world_io_load.hpp">
      <Filter>include</Filter>
    </ClInclude>
    <ClInclude Include="src\graphics\gpu\buffer.hpp">
      <Filter>include</Filter>
    </ClInclude>
    <ClInclude Include="src\graphics\gpu\concepts.hpp">
      <Filter>include</Filter>
    </ClInclude>
    <ClInclude Include="src\graphics\gpu\descriptor_heap.hpp">
      <Filter>include</Filter>
    </ClInclude>
    <ClInclude Include="src\graphics\gpu\pipeline_library.hpp">
      <Filter>include</Filter>
    </ClInclude>
    <ClInclude Include="src\graphics\gpu\root_signature_library.hpp">
      <Filter>include</Filter>
    </ClInclude>
    <ClInclude Include="src\graphics\gpu\shader_library.hpp">
      <Filter>include</Filter>
    </ClInclude>
    <ClInclude Include="src\graphics\gpu\swap_chain.hpp">
      <Filter>include</Filter>
    </ClInclude>
    <ClInclude Include="src\graphics\gpu\device.hpp">
      <Filter>include</Filter>
    </ClInclude>
    <ClInclude Include="src\graphics\renderer.hpp">
      <Filter>include</Filter>
    </ClInclude>
    <ClInclude Include="src\graphics\camera.hpp">
      <Filter>include</Filter>
    </ClInclude>
    <ClInclude Include="src\input_state.hpp">
      <Filter>include</Filter>
    </ClInclude>
    <ClInclude Include="src\container\enum_array.hpp">
      <Filter>include</Filter>
    </ClInclude>
    <ClInclude Include="src\graphics\gpu\common.hpp">
      <Filter>include</Filter>
    </ClInclude>
    <ClInclude Include="src\graphics\gpu\dynamic_buffer_allocator.hpp">
      <Filter>include</Filter>
    </ClInclude>
    <ClInclude Include="src\world\object_class.hpp">
      <Filter>include</Filter>
    </ClInclude>
    <ClInclude Include="src\math\bounding_box.hpp">
      <Filter>include</Filter>
    </ClInclude>
    <ClInclude Include="src\assets\msh\flat_model.hpp">
      <Filter>include</Filter>
    </ClInclude>
    <ClInclude Include="src\assets\asset_libraries.hpp">
      <Filter>include</Filter>
    </ClInclude>
    <ClInclude Include="src\world\object_instance_property.hpp">
      <Filter>include</Filter>
    </ClInclude>
    <ClInclude Include="src\graphics\gpu\texture.hpp">
      <Filter>include</Filter>
    </ClInclude>
    <ClInclude Include="src\graphics\gpu\depth_stencil_texture.hpp">
      <Filter>include</Filter>
    </ClInclude>
    <ClInclude Include="src\graphics\gpu\async_copy_manager.hpp">
      <Filter>include</Filter>
    </ClInclude>
    <ClInclude Include="src\graphics\model_manager.hpp">
      <Filter>include</Filter>
    </ClInclude>
    <ClInclude Include="src\assets\msh\validate_scene.hpp">
      <Filter>include</Filter>
    </ClInclude>
    <ClInclude Include="src\assets\msh\default_missing_scene.hpp">
      <Filter>include</Filter>
    </ClInclude>
    <ClInclude Include="src\math\align.hpp">
      <Filter>include</Filter>
    </ClInclude>
    <ClInclude Include="src\assets\odf\default_object_class_definition.hpp">
      <Filter>include</Filter>
    </ClInclude>
    <ClInclude Include="src\assets\asset_traits.hpp">
      <Filter>include</Filter>
    </ClInclude>
    <ClInclude Include="src\lowercase_string.hpp">
      <Filter>include</Filter>
    </ClInclude>
    <ClInclude Include="src\assets\texture\texture.hpp">
      <Filter>include</Filter>
    </ClInclude>
    <ClInclude Include="src\assets\texture\texture_format.hpp">
      <Filter>include</Filter>
    </ClInclude>
    <ClInclude Include="src\imgui\imconfig.h">
      <Filter>include</Filter>
    </ClInclude>
    <ClInclude Include="src\imgui\imgui.h">
      <Filter>include</Filter>
    </ClInclude>
    <ClInclude Include="src\imgui\imgui_impl_dx12.h">
      <Filter>include</Filter>
    </ClInclude>
    <ClInclude Include="src\imgui\imgui_impl_win32.h">
      <Filter>include</Filter>
    </ClInclude>
    <ClInclude Include="src\imgui\imgui_internal.h">
      <Filter>include</Filter>
    </ClInclude>
    <ClInclude Include="src\imgui\imstb_rectpack.h">
      <Filter>include</Filter>
    </ClInclude>
    <ClInclude Include="src\imgui\imstb_textedit.h">
      <Filter>include</Filter>
    </ClInclude>
    <ClInclude Include="src\imgui\imstb_truetype.h">
      <Filter>include</Filter>
    </ClInclude>
    <ClInclude Include="src\graphics\geometric_shapes.hpp">
      <Filter>include</Filter>
    </ClInclude>
    <ClInclude Include="src\graphics\line_drawer.hpp">
      <Filter>include</Filter>
    </ClInclude>
    <ClInclude Include="src\graphics\frustrum.hpp">
      <Filter>include</Filter>
    </ClInclude>
    <ClInclude Include="src\graphics\light_clusters.hpp">
      <Filter>include</Filter>
    </ClInclude>
    <ClInclude Include="src\world\world_utilities.hpp">
      <Filter>include</Filter>
    </ClInclude>
    <ClInclude Include="src\graphics\gpu\command_list.hpp">
      <Filter>include</Filter>
    </ClInclude>
    <ClInclude Include="src\graphics\gpu\barrier_helpers.hpp">
      <Filter>include</Filter>
    </ClInclude>
    <ClInclude Include="src\assets\texture\texture_io.hpp">
      <Filter>include</Filter>
    </ClInclude>
    <ClInclude Include="src\graphics\gpu\descriptor_allocation.hpp">
      <Filter>include</Filter>
    </ClInclude>
    <ClInclude Include="src\graphics\gpu\descriptor_range.hpp">
      <Filter>include</Filter>
    </ClInclude>
    <ClInclude Include="src\graphics\material.hpp">
      <Filter>include</Filter>
    </ClInclude>
    <ClInclude Include="src\graphics\gpu\resource_view_set.hpp">
      <Filter>include</Filter>
    </ClInclude>
    <ClInclude Include="src\graphics\texture_manager.hpp">
      <Filter>include</Filter>
    </ClInclude>
    <ClInclude Include="src\graphics\terrain.hpp">
      <Filter>include</Filter>
    </ClInclude>
  </ItemGroup>
  <ItemGroup>
    <ClCompile Include="src\assets\msh\scene_io.cpp">
      <Filter>src</Filter>
    </ClCompile>
    <ClCompile Include="src\utility\read_file.cpp">
      <Filter>src</Filter>
    </ClCompile>
    <ClCompile Include="src\utility\string_ops.cpp">
      <Filter>src</Filter>
    </ClCompile>
    <ClCompile Include="src\assets\odf\properties.cpp">
      <Filter>src</Filter>
    </ClCompile>
    <ClCompile Include="src\assets\odf\definition_io.cpp">
      <Filter>src</Filter>
    </ClCompile>
    <ClCompile Include="src\assets\config\key_node.cpp">
      <Filter>src</Filter>
    </ClCompile>
    <ClCompile Include="src\assets\config\io.cpp">
      <Filter>src</Filter>
    </ClCompile>
    <ClCompile Include="src\assets\terrain\terrain_io.cpp">
      <Filter>src</Filter>
    </ClCompile>
    <ClCompile Include="src\world\world_io_load.cpp">
      <Filter>src</Filter>
    </ClCompile>
    <ClCompile Include="src\graphics\gpu\descriptor_heap.cpp">
      <Filter>src</Filter>
    </ClCompile>
    <ClCompile Include="src\graphics\gpu\pipeline_library.cpp">
      <Filter>src</Filter>
    </ClCompile>
    <ClCompile Include="src\graphics\gpu\root_signature_library.cpp">
      <Filter>src</Filter>
    </ClCompile>
    <ClCompile Include="src\graphics\gpu\shader_library.cpp">
      <Filter>src</Filter>
    </ClCompile>
    <ClCompile Include="src\graphics\gpu\swap_chain.cpp">
      <Filter>src</Filter>
    </ClCompile>
    <ClCompile Include="src\graphics\gpu\device.cpp">
      <Filter>src</Filter>
    </ClCompile>
    <ClCompile Include="src\graphics\renderer.cpp">
      <Filter>src</Filter>
    </ClCompile>
    <ClCompile Include="src\graphics\camera.cpp">
      <Filter>src</Filter>
    </ClCompile>
    <ClCompile Include="src\input_state.cpp">
      <Filter>src</Filter>
    </ClCompile>
    <ClCompile Include="src\hresult_error.cpp">
      <Filter>src</Filter>
    </ClCompile>
    <ClCompile Include="src\output_stream.cpp">
      <Filter>src</Filter>
    </ClCompile>
    <ClCompile Include="src\assets\msh\flat_model.cpp">
      <Filter>src</Filter>
    </ClCompile>
    <ClCompile Include="src\assets\asset_libraries.cpp">
      <Filter>src</Filter>
    </ClCompile>
    <ClCompile Include="src\world\object_class.cpp">
      <Filter>src</Filter>
    </ClCompile>
    <ClCompile Include="src\graphics\model.cpp">
      <Filter>src</Filter>
    </ClCompile>
    <ClCompile Include="src\assets\msh\validate_scene.cpp">
      <Filter>src</Filter>
    </ClCompile>
    <ClCompile Include="src\assets\msh\default_missing_scene.cpp">
      <Filter>src</Filter>
    </ClCompile>
    <ClCompile Include="src\assets\odf\default_object_class_definition.cpp">
      <Filter>src</Filter>
    </ClCompile>
    <ClCompile Include="src\assets\asset_traits.cpp">
      <Filter>src</Filter>
    </ClCompile>
    <ClCompile Include="src\assets\texture\texture.cpp">
      <Filter>src</Filter>
    </ClCompile>
    <ClCompile Include="src\assets\texture\texture_format.cpp">
      <Filter>src</Filter>
    </ClCompile>
    <ClCompile Include="src\imgui\imgui.cpp">
      <Filter>src</Filter>
    </ClCompile>
    <ClCompile Include="src\imgui\imgui_demo.cpp">
      <Filter>src</Filter>
    </ClCompile>
    <ClCompile Include="src\imgui\imgui_draw.cpp">
      <Filter>src</Filter>
    </ClCompile>
    <ClCompile Include="src\imgui\imgui_impl_dx12.cpp">
      <Filter>src</Filter>
    </ClCompile>
    <ClCompile Include="src\imgui\imgui_impl_win32.cpp">
      <Filter>src</Filter>
    </ClCompile>
    <ClCompile Include="src\imgui\imgui_widgets.cpp">
      <Filter>src</Filter>
    </ClCompile>
    <ClCompile Include="src\graphics\geometric_shapes.cpp">
      <Filter>src</Filter>
    </ClCompile>
    <ClCompile Include="src\graphics\line_drawer.cpp">
      <Filter>src</Filter>
    </ClCompile>
    <ClCompile Include="src\graphics\frustrum.cpp">
      <Filter>src</Filter>
    </ClCompile>
    <ClCompile Include="src\graphics\light_clusters.cpp">
      <Filter>src</Filter>
    </ClCompile>
    <ClCompile Include="src\assets\texture\texture_io.cpp">
      <Filter>src</Filter>
    </ClCompile>
    <ClCompile Include="src\graphics\gpu\buffer.cpp">
      <Filter>src</Filter>
    </ClCompile>
    <ClCompile Include="src\graphics\gpu\texture.cpp">
      <Filter>src</Filter>
    </ClCompile>
    <ClCompile Include="src\graphics\gpu\descriptor_allocation.cpp">
      <Filter>src</Filter>
    </ClCompile>
    <ClCompile Include="src\graphics\gpu\resource_view_set.cpp">
      <Filter>src</Filter>
    </ClCompile>
    <ClCompile Include="src\graphics\material.cpp">
      <Filter>src</Filter>
    </ClCompile>
    <ClCompile Include="src\graphics\terrain.cpp">
      <Filter>src</Filter>
    </ClCompile>
  </ItemGroup>
  <ItemGroup>
    <FxCompile Include="src\graphics\gpu\shaders\basic_object_meshPS.hlsl" />
    <FxCompile Include="src\graphics\gpu\shaders\basic_object_meshVS.hlsl" />
    <FxCompile Include="src\graphics\gpu\shaders\meta_object_meshVS.hlsl" />
    <FxCompile Include="src\graphics\gpu\shaders\meta_object_meshPS.hlsl" />
    <FxCompile Include="src\graphics\gpu\shaders\meta_object_mesh_outlinedPS.hlsl" />
    <FxCompile Include="src\graphics\gpu\shaders\meta_lineVS.hlsl" />
    <FxCompile Include="src\graphics\gpu\shaders\basic_mesh_lightingPS.hlsl" />
    <FxCompile Include="src\graphics\gpu\shaders\meta_object_mesh_outlinedGS.hlsl" />
    <FxCompile Include="src\graphics\gpu\shaders\normal_meshPS.hlsl" />
    <FxCompile Include="src\graphics\gpu\shaders\terrain_patchVS.hlsl" />
    <FxCompile Include="src\graphics\gpu\shaders\terrain_basicPS.hlsl" />
    <FxCompile Include="src\graphics\gpu\shaders\terrain_lightingPS.hlsl" />
    <FxCompile Include="src\graphics\gpu\shaders\terrain_normalPS.hlsl" />
  </ItemGroup>
  <ItemGroup>
    <None Include="src\graphics\gpu\shaders\lights_common.hlsli" />
    <None Include="src\graphics\gpu\shaders\terrain_common.hlsli" />
  </ItemGroup>
</Project>