<?xml version="1.0" encoding="utf-8"?>
<Project ToolsVersion="4.0" xmlns="http://schemas.microsoft.com/developer/msbuild/2003">
  <ItemGroup>
    <Filter Include="include">
      <UniqueIdentifier>{93995380-89BD-4b04-88EB-625FBE52EBFB}</UniqueIdentifier>
      <Extensions>h;hh;hpp;hxx;hm;inl;inc;ipp;xsd</Extensions>
    </Filter>
    <Filter Include="src">
      <UniqueIdentifier>{4FC737F1-C7A5-4376-A066-2A32D752A2FF}</UniqueIdentifier>
      <Extensions>cpp;c;cc;cxx;def;odl;idl;hpj;bat;asm;asmx</Extensions>
    </Filter>
    <Filter Include="resource">
      <UniqueIdentifier>{67DA6AB6-F800-4c08-8B7A-83BB121AAD01}</UniqueIdentifier>
      <Extensions>rc;ico;cur;bmp;dlg;rc2;rct;bin;rgs;gif;jpg;jpeg;jpe;resx;tiff;tif;png;wav;mfcribbon-ms</Extensions>
    </Filter>
    <Filter Include="src\imgui">
      <UniqueIdentifier>{196d1e49-d78c-4a7d-87e3-09141fc5b5eb}</UniqueIdentifier>
    </Filter>
    <Filter Include="include\imgui">
      <UniqueIdentifier>{e27b628c-ea5a-4c5a-8505-c3406633a1da}</UniqueIdentifier>
    </Filter>
    <Filter Include="include\editor">
      <UniqueIdentifier>{66c31a31-9741-47af-8def-f077204835bb}</UniqueIdentifier>
    </Filter>
    <Filter Include="include\world">
      <UniqueIdentifier>{a9a001a4-a3f9-4ec4-a47c-36f385551888}</UniqueIdentifier>
    </Filter>
  </ItemGroup>
  <ItemGroup>
    <ClInclude Include="include\types.hpp">
      <Filter>include</Filter>
    </ClInclude>
    <ClInclude Include="include\exceptions.hpp">
      <Filter>include</Filter>
    </ClInclude>
    <ClInclude Include="include\assets\msh\material.hpp">
      <Filter>include</Filter>
    </ClInclude>
    <ClInclude Include="include\utility\enum_bitflags.hpp">
      <Filter>include</Filter>
    </ClInclude>
    <ClInclude Include="include\assets\msh\scene.hpp">
      <Filter>include</Filter>
    </ClInclude>
    <ClInclude Include="include\assets\msh\scene_io.hpp">
      <Filter>include</Filter>
    </ClInclude>
    <ClInclude Include="include\utility\read_file.hpp">
      <Filter>include</Filter>
    </ClInclude>
    <ClInclude Include="include\ucfb\reader.hpp">
      <Filter>include</Filter>
    </ClInclude>
    <ClInclude Include="include\utility\make_from_bytes.hpp">
      <Filter>include</Filter>
    </ClInclude>
    <ClInclude Include="include\utility\string_ops.hpp">
      <Filter>include</Filter>
    </ClInclude>
    <ClInclude Include="include\assets\odf\definition.hpp">
      <Filter>include</Filter>
    </ClInclude>
    <ClInclude Include="include\assets\odf\properties.hpp">
      <Filter>include</Filter>
    </ClInclude>
    <ClInclude Include="include\assets\odf\definition_io.hpp">
      <Filter>include</Filter>
    </ClInclude>
    <ClInclude Include="include\assets\config\values.hpp">
      <Filter>include</Filter>
    </ClInclude>
    <ClInclude Include="include\assets\config\key_node.hpp">
      <Filter>include</Filter>
    </ClInclude>
    <ClInclude Include="include\assets\config\io.hpp">
      <Filter>include</Filter>
    </ClInclude>
    <ClInclude Include="include\assets\terrain\terrain.hpp">
      <Filter>include</Filter>
    </ClInclude>
    <ClInclude Include="include\assets\terrain\terrain_io.hpp">
      <Filter>include</Filter>
    </ClInclude>
    <ClInclude Include="include\utility\binary_reader.hpp">
      <Filter>include</Filter>
    </ClInclude>
    <ClInclude Include="include\utility\srgb_conversion.hpp">
      <Filter>include</Filter>
    </ClInclude>
    <ClInclude Include="include\world\world.hpp">
      <Filter>include</Filter>
    </ClInclude>
    <ClInclude Include="include\world\layer_description.hpp">
      <Filter>include</Filter>
    </ClInclude>
    <ClInclude Include="include\world\gamemode_description.hpp">
      <Filter>include</Filter>
    </ClInclude>
    <ClInclude Include="include\world\light.hpp">
      <Filter>include</Filter>
    </ClInclude>
    <ClInclude Include="include\world\lighting_settings.hpp">
      <Filter>include</Filter>
    </ClInclude>
    <ClInclude Include="include\world\object.hpp">
      <Filter>include</Filter>
    </ClInclude>
    <ClInclude Include="include\world\path.hpp">
      <Filter>include</Filter>
    </ClInclude>
    <ClInclude Include="include\world\region.hpp">
      <Filter>include</Filter>
    </ClInclude>
    <ClInclude Include="include\world\sector.hpp">
      <Filter>include</Filter>
    </ClInclude>
    <ClInclude Include="include\world\portal.hpp">
      <Filter>include</Filter>
    </ClInclude>
    <ClInclude Include="include\world\hintnode.hpp">
      <Filter>include</Filter>
    </ClInclude>
    <ClInclude Include="include\world\barrier.hpp">
      <Filter>include</Filter>
    </ClInclude>
    <ClInclude Include="include\world\planning.hpp">
      <Filter>include</Filter>
    </ClInclude>
    <ClInclude Include="include\world\ai_path_flags.hpp">
      <Filter>include</Filter>
    </ClInclude>
    <ClInclude Include="include\world\boundary.hpp">
      <Filter>include</Filter>
    </ClInclude>
    <ClInclude Include="include\world\terrain.hpp">
      <Filter>include</Filter>
    </ClInclude>
    <ClInclude Include="include\container\dynamic_array_2d.hpp">
      <Filter>include</Filter>
    </ClInclude>
    <ClInclude Include="include\utility\make_range.hpp">
      <Filter>include</Filter>
    </ClInclude>
    <ClInclude Include="include\output_stream.hpp">
      <Filter>include</Filter>
    </ClInclude>
    <ClInclude Include="include\world\world_io.hpp">
      <Filter>include</Filter>
    </ClInclude>
    <ClInclude Include="include\graphics\model.hpp">
      <Filter>include</Filter>
    </ClInclude>
    <ClInclude Include="include\graphics\bounding_box.hpp">
      <Filter>include</Filter>
    </ClInclude>
    <ClInclude Include="include\graphics\gpu_device.hpp">
      <Filter>include</Filter>
    </ClInclude>
    <ClInclude Include="include\utility\com_ptr.hpp">
      <Filter>include</Filter>
    </ClInclude>
    <ClInclude Include="include\hresult_error.hpp">
      <Filter>include</Filter>
    </ClInclude>
    <ClInclude Include="src\ucfb\reader.hpp">
      <Filter>include</Filter>
    </ClInclude>
    <ClInclude Include="src\graphics\model.hpp">
      <Filter>include</Filter>
    </ClInclude>
    <ClInclude Include="src\container\dynamic_array_2d.hpp">
      <Filter>include</Filter>
    </ClInclude>
    <ClInclude Include="src\assets\terrain\terrain_io.hpp">
      <Filter>include</Filter>
    </ClInclude>
    <ClInclude Include="src\assets\terrain\terrain.hpp">
      <Filter>include</Filter>
    </ClInclude>
    <ClInclude Include="src\assets\odf\properties.hpp">
      <Filter>include</Filter>
    </ClInclude>
    <ClInclude Include="src\assets\odf\definition_io.hpp">
      <Filter>include</Filter>
    </ClInclude>
    <ClInclude Include="src\assets\odf\definition.hpp">
      <Filter>include</Filter>
    </ClInclude>
    <ClInclude Include="src\assets\msh\scene_io.hpp">
      <Filter>include</Filter>
    </ClInclude>
    <ClInclude Include="src\assets\msh\scene.hpp">
      <Filter>include</Filter>
    </ClInclude>
    <ClInclude Include="src\assets\msh\material.hpp">
      <Filter>include</Filter>
    </ClInclude>
    <ClInclude Include="src\assets\config\values.hpp">
      <Filter>include</Filter>
    </ClInclude>
    <ClInclude Include="src\assets\config\key_node.hpp">
      <Filter>include</Filter>
    </ClInclude>
    <ClInclude Include="src\assets\config\io.hpp">
      <Filter>include</Filter>
    </ClInclude>
    <ClInclude Include="src\utility\binary_reader.hpp">
      <Filter>include</Filter>
    </ClInclude>
    <ClInclude Include="src\utility\com_ptr.hpp">
      <Filter>include</Filter>
    </ClInclude>
    <ClInclude Include="src\utility\enum_bitflags.hpp">
      <Filter>include</Filter>
    </ClInclude>
    <ClInclude Include="src\utility\make_from_bytes.hpp">
      <Filter>include</Filter>
    </ClInclude>
    <ClInclude Include="src\utility\make_range.hpp">
      <Filter>include</Filter>
    </ClInclude>
    <ClInclude Include="src\utility\srgb_conversion.hpp">
      <Filter>include</Filter>
    </ClInclude>
    <ClInclude Include="src\utility\string_ops.hpp">
      <Filter>include</Filter>
    </ClInclude>
    <ClInclude Include="src\output_stream.hpp">
      <Filter>include</Filter>
    </ClInclude>
    <ClInclude Include="src\types.hpp">
      <Filter>include</Filter>
    </ClInclude>
    <ClInclude Include="src\world\ai_path_flags.hpp">
      <Filter>include</Filter>
    </ClInclude>
    <ClInclude Include="src\world\barrier.hpp">
      <Filter>include</Filter>
    </ClInclude>
    <ClInclude Include="src\world\boundary.hpp">
      <Filter>include</Filter>
    </ClInclude>
    <ClInclude Include="src\world\gamemode_description.hpp">
      <Filter>include</Filter>
    </ClInclude>
    <ClInclude Include="src\world\hintnode.hpp">
      <Filter>include</Filter>
    </ClInclude>
    <ClInclude Include="src\world\layer_description.hpp">
      <Filter>include</Filter>
    </ClInclude>
    <ClInclude Include="src\world\light.hpp">
      <Filter>include</Filter>
    </ClInclude>
    <ClInclude Include="src\world\lighting_settings.hpp">
      <Filter>include</Filter>
    </ClInclude>
    <ClInclude Include="src\world\object.hpp">
      <Filter>include</Filter>
    </ClInclude>
    <ClInclude Include="src\world\path.hpp">
      <Filter>include</Filter>
    </ClInclude>
    <ClInclude Include="src\world\planning.hpp">
      <Filter>include</Filter>
    </ClInclude>
    <ClInclude Include="src\world\portal.hpp">
      <Filter>include</Filter>
    </ClInclude>
    <ClInclude Include="src\world\region.hpp">
      <Filter>include</Filter>
    </ClInclude>
    <ClInclude Include="src\world\sector.hpp">
      <Filter>include</Filter>
    </ClInclude>
    <ClInclude Include="src\world\terrain.hpp">
      <Filter>include</Filter>
    </ClInclude>
    <ClInclude Include="src\world\world.hpp">
      <Filter>include</Filter>
    </ClInclude>
    <ClInclude Include="src\world\world_io_load.hpp">
      <Filter>include</Filter>
    </ClInclude>
    <ClInclude Include="src\graphics\camera.hpp">
      <Filter>include</Filter>
    </ClInclude>
    <ClInclude Include="src\container\enum_array.hpp">
      <Filter>include</Filter>
    </ClInclude>
    <ClInclude Include="src\world\object_class.hpp">
      <Filter>include</Filter>
    </ClInclude>
    <ClInclude Include="src\math\bounding_box.hpp">
      <Filter>include</Filter>
    </ClInclude>
    <ClInclude Include="src\assets\msh\flat_model.hpp">
      <Filter>include</Filter>
    </ClInclude>
    <ClInclude Include="src\assets\asset_libraries.hpp">
      <Filter>include</Filter>
    </ClInclude>
    <ClInclude Include="src\world\object_instance_property.hpp">
      <Filter>include</Filter>
    </ClInclude>
    <ClInclude Include="src\graphics\model_manager.hpp">
      <Filter>include</Filter>
    </ClInclude>
    <ClInclude Include="src\assets\msh\validate_scene.hpp">
      <Filter>include</Filter>
    </ClInclude>
    <ClInclude Include="src\assets\msh\default_missing_scene.hpp">
      <Filter>include</Filter>
    </ClInclude>
    <ClInclude Include="src\math\align.hpp">
      <Filter>include</Filter>
    </ClInclude>
    <ClInclude Include="src\assets\odf\default_object_class_definition.hpp">
      <Filter>include</Filter>
    </ClInclude>
    <ClInclude Include="src\assets\asset_traits.hpp">
      <Filter>include</Filter>
    </ClInclude>
    <ClInclude Include="src\lowercase_string.hpp">
      <Filter>include</Filter>
    </ClInclude>
    <ClInclude Include="src\assets\texture\texture.hpp">
      <Filter>include</Filter>
    </ClInclude>
    <ClInclude Include="src\assets\texture\texture_format.hpp">
      <Filter>include</Filter>
    </ClInclude>
    <ClInclude Include="src\imgui\imconfig.h">
      <Filter>include</Filter>
    </ClInclude>
    <ClInclude Include="src\imgui\imgui.h">
      <Filter>include</Filter>
    </ClInclude>
    <ClInclude Include="src\imgui\imgui_impl_win32.h">
      <Filter>include</Filter>
    </ClInclude>
    <ClInclude Include="src\imgui\imgui_internal.h">
      <Filter>include</Filter>
    </ClInclude>
    <ClInclude Include="src\imgui\imstb_rectpack.h">
      <Filter>include</Filter>
    </ClInclude>
    <ClInclude Include="src\imgui\imstb_textedit.h">
      <Filter>include</Filter>
    </ClInclude>
    <ClInclude Include="src\imgui\imstb_truetype.h">
      <Filter>include</Filter>
    </ClInclude>
    <ClInclude Include="src\graphics\geometric_shapes.hpp">
      <Filter>include</Filter>
    </ClInclude>
    <ClInclude Include="src\graphics\frustum.hpp">
      <Filter>include</Filter>
    </ClInclude>
    <ClInclude Include="src\graphics\light_clusters.hpp">
      <Filter>include</Filter>
    </ClInclude>
    <ClInclude Include="src\assets\texture\texture_io.hpp">
      <Filter>include</Filter>
    </ClInclude>
    <ClInclude Include="src\graphics\material.hpp">
      <Filter>include</Filter>
    </ClInclude>
    <ClInclude Include="src\graphics\texture_manager.hpp">
      <Filter>include</Filter>
    </ClInclude>
    <ClInclude Include="src\graphics\terrain.hpp">
      <Filter>include</Filter>
    </ClInclude>
    <ClInclude Include="src\assets\option_file.hpp">
      <Filter>include</Filter>
    </ClInclude>
    <ClInclude Include="src\assets\texture\texture_transforms.hpp">
      <Filter>include</Filter>
    </ClInclude>
    <ClInclude Include="src\utility\file_watcher.hpp">
      <Filter>include</Filter>
    </ClInclude>
    <ClInclude Include="src\assets\asset_ref.hpp">
      <Filter>include</Filter>
    </ClInclude>
    <ClInclude Include="src\assets\asset_state.hpp">
      <Filter>include</Filter>
    </ClInclude>
    <ClInclude Include="src\utility\event.hpp">
      <Filter>include</Filter>
    </ClInclude>
    <ClInclude Include="src\utility\synchronous_task_queue.hpp">
      <Filter>include</Filter>
    </ClInclude>
    <ClInclude Include="src\graphics\world_mesh_list.hpp">
      <Filter>include</Filter>
    </ClInclude>
    <ClInclude Include="src\assets\msh\generate_tangents.hpp" />
    <ClInclude Include="src\assets\msh\mikktspace\mikktspace.h">
      <Filter>include</Filter>
    </ClInclude>
    <ClInclude Include="src\graphics\root_signature_library.hpp">
      <Filter>include</Filter>
    </ClInclude>
    <ClInclude Include="src\graphics\pipeline_library.hpp">
      <Filter>include</Filter>
    </ClInclude>
    <ClInclude Include="src\graphics\shader_library.hpp">
      <Filter>include</Filter>
    </ClInclude>
    <ClInclude Include="src\graphics\shader_list.hpp">
      <Filter>include</Filter>
    </ClInclude>
    <ClInclude Include="src\utility\file_pickers.hpp">
      <Filter>include</Filter>
    </ClInclude>
    <ClInclude Include="src\utility\command_line.hpp">
      <Filter>include</Filter>
    </ClInclude>
    <ClInclude Include="src\io\output_file.hpp">
      <Filter>include</Filter>
    </ClInclude>
    <ClInclude Include="src\world\world_io_save.hpp">
      <Filter>include</Filter>
    </ClInclude>
    <ClInclude Include="src\io\read_file.hpp">
      <Filter>include</Filter>
    </ClInclude>
    <ClInclude Include="src\io\error.hpp">
      <Filter>include</Filter>
    </ClInclude>
    <ClInclude Include="src\settings\graphics.hpp">
      <Filter>include</Filter>
    </ClInclude>
    <ClInclude Include="src\settings\settings.hpp">
      <Filter>include</Filter>
    </ClInclude>
    <ClInclude Include="src\imgui\imgui_freetype.h">
      <Filter>include</Filter>
    </ClInclude>
    <ClInclude Include="src\world\interaction_context.hpp">
      <Filter>include</Filter>
    </ClInclude>
    <ClInclude Include="src\world\id.hpp">
      <Filter>include</Filter>
    </ClInclude>
    <ClInclude Include="src\async\thread_pool.hpp">
      <Filter>include</Filter>
    </ClInclude>
    <ClInclude Include="src\async\wait_all.hpp">
      <Filter>include</Filter>
    </ClInclude>
    <ClInclude Include="src\async\get_all.hpp">
      <Filter>include</Filter>
    </ClInclude>
    <ClInclude Include="src\utility\stopwatch.hpp">
      <Filter>include</Filter>
    </ClInclude>
    <ClInclude Include="src\async\for_each.hpp">
      <Filter>include</Filter>
    </ClInclude>
    <ClInclude Include="src\utility\overload.hpp">
      <Filter>include</Filter>
    </ClInclude>
    <ClInclude Include="src\utility\look_for.hpp">
      <Filter>include</Filter>
    </ClInclude>
    <ClInclude Include="src\world\active_elements.hpp">
      <Filter>include</Filter>
    </ClInclude>
    <ClInclude Include="src\container\slim_bitset.hpp">
      <Filter>include</Filter>
    </ClInclude>
    <ClInclude Include="src\commands.hpp">
      <Filter>include</Filter>
    </ClInclude>
    <ClInclude Include="src\world\raycast.hpp">
      <Filter>include</Filter>
    </ClInclude>
    <ClInclude Include="src\math\intersectors.hpp">
      <Filter>include</Filter>
    </ClInclude>
    <ClInclude Include="src\assets\msh\flat_model_bvh.hpp">
      <Filter>include</Filter>
    </ClInclude>
    <ClInclude Include="src\imgui\imgui_stdlib.h">
      <Filter>include</Filter>
    </ClInclude>
    <ClInclude Include="src\graphics\shadow_camera.hpp">
      <Filter>include</Filter>
    </ClInclude>
    <ClInclude Include="src\graphics\gpu\rhi.hpp">
      <Filter>include</Filter>
    </ClInclude>
    <ClInclude Include="src\graphics\gpu\resource.hpp">
      <Filter>include</Filter>
    </ClInclude>
    <ClInclude Include="src\graphics\dynamic_buffer_allocator.hpp">
      <Filter>include</Filter>
    </ClInclude>
    <ClInclude Include="src\graphics\renderer.hpp">
      <Filter>include</Filter>
    </ClInclude>
    <ClInclude Include="src\graphics\sampler_list.hpp">
      <Filter>include</Filter>
    </ClInclude>
    <ClInclude Include="src\utility\implementation_storage.hpp">
      <Filter>include</Filter>
    </ClInclude>
    <ClInclude Include="src\graphics\gpu\exception.hpp">
      <Filter>include</Filter>
    </ClInclude>
    <ClInclude Include="src\graphics\gpu\detail\descriptor_allocator.hpp">
      <Filter>include</Filter>
    </ClInclude>
    <ClInclude Include="src\graphics\gpu\detail\descriptor_heap.hpp">
      <Filter>include</Filter>
    </ClInclude>
    <ClInclude Include="src\graphics\gpu\detail\error.hpp">
      <Filter>include</Filter>
    </ClInclude>
    <ClInclude Include="src\graphics\gpu\detail\handle_packing.hpp">
      <Filter>include</Filter>
    </ClInclude>
    <ClInclude Include="src\graphics\gpu\detail\release_queue.hpp">
      <Filter>include</Filter>
    </ClInclude>
    <ClInclude Include="src\graphics\gpu\detail\command_allocator_pool.hpp">
      <Filter>include</Filter>
    </ClInclude>
    <ClInclude Include="src\graphics\copy_command_list_pool.hpp">
      <Filter>include</Filter>
    </ClInclude>
    <ClInclude Include="src\graphics\imgui_renderer.hpp">
      <Filter>include</Filter>
    </ClInclude>
    <ClInclude Include="src\math\vector_funcs.hpp">
      <Filter>include</Filter>
    </ClInclude>
    <ClInclude Include="src\math\matrix_funcs.hpp">
      <Filter>include</Filter>
    </ClInclude>
    <ClInclude Include="src\math\quaternion_funcs.hpp">
      <Filter>include</Filter>
    </ClInclude>
    <ClInclude Include="src\utility\float16_packing.hpp">
      <Filter>include</Filter>
    </ClInclude>
    <ClInclude Include="src\utility\event_listener.hpp">
      <Filter>include</Filter>
    </ClInclude>
    <ClInclude Include="src\allocators\aligned_allocator.hpp">
      <Filter>include</Filter>
    </ClInclude>
    <ClInclude Include="src\graphics\cull_objects.hpp">
      <Filter>include</Filter>
    </ClInclude>
    <ClInclude Include="src\graphics\meta_draw_batcher.hpp">
      <Filter>include</Filter>
    </ClInclude>
    <ClInclude Include="src\graphics\profiler.hpp">
      <Filter>include</Filter>
    </ClInclude>
    <ClInclude Include="src\assets\terrain\terrain_collision.hpp">
      <Filter>include</Filter>
    </ClInclude>
    <ClInclude Include="src\hotkeys.hpp">
      <Filter>include</Filter>
    </ClInclude>
    <ClInclude Include="src\key.hpp">
      <Filter>include</Filter>
    </ClInclude>
    <ClInclude Include="src\world\utility\world_utilities.hpp">
      <Filter>include</Filter>
    </ClInclude>
    <ClInclude Include="src\world\utility\snapping.hpp">
      <Filter>include</Filter>
    </ClInclude>
    <ClInclude Include="src\world\tool_visualizers.hpp">
      <Filter>include</Filter>
    </ClInclude>
    <ClInclude Include="src\imgui\imgui_ext.hpp">
      <Filter>include</Filter>
    </ClInclude>
    <ClInclude Include="src\edits\edit.hpp">
      <Filter>include</Filter>
    </ClInclude>
    <ClInclude Include="src\edits\imgui_ext.hpp">
      <Filter>include</Filter>
    </ClInclude>
    <ClInclude Include="src\edits\insert_entity.hpp">
      <Filter>include</Filter>
    </ClInclude>
    <ClInclude Include="src\edits\insert_node.hpp">
      <Filter>include</Filter>
    </ClInclude>
    <ClInclude Include="src\edits\stack.hpp">
      <Filter>include</Filter>
    </ClInclude>
    <ClInclude Include="src\edits\ui_action.hpp">
      <Filter>include</Filter>
    </ClInclude>
    <ClInclude Include="src\edits\creation_entity_set.hpp">
      <Filter>include</Filter>
    </ClInclude>
    <ClInclude Include="src\edits\set_value.hpp">
      <Filter>include</Filter>
    </ClInclude>
    <ClInclude Include="src\edits\insert_point.hpp">
      <Filter>include</Filter>
    </ClInclude>
    <ClInclude Include="src\world\utility\sector_fill.hpp">
      <Filter>include</Filter>
    </ClInclude>
    <ClInclude Include="src\world\utility\hintnode_traits.hpp">
      <Filter>include</Filter>
    </ClInclude>
    <ClInclude Include="src\world\utility\boundary_nodes.hpp">
      <Filter>include</Filter>
    </ClInclude>
    <ClInclude Include="src\edits\add_property.hpp">
      <Filter>include</Filter>
    </ClInclude>
    <ClInclude Include="src\world\utility\path_properties.hpp">
      <Filter>include</Filter>
    </ClInclude>
  </ItemGroup>
  <ItemGroup>
    <ClCompile Include="src\assets\msh\scene_io.cpp">
      <Filter>src</Filter>
    </ClCompile>
    <ClCompile Include="src\utility\string_ops.cpp">
      <Filter>src</Filter>
    </ClCompile>
    <ClCompile Include="src\assets\odf\properties.cpp">
      <Filter>src</Filter>
    </ClCompile>
    <ClCompile Include="src\assets\odf\definition_io.cpp">
      <Filter>src</Filter>
    </ClCompile>
    <ClCompile Include="src\assets\config\key_node.cpp">
      <Filter>src</Filter>
    </ClCompile>
    <ClCompile Include="src\assets\config\io.cpp">
      <Filter>src</Filter>
    </ClCompile>
    <ClCompile Include="src\assets\terrain\terrain_io.cpp">
      <Filter>src</Filter>
    </ClCompile>
    <ClCompile Include="src\world\world_io_load.cpp">
      <Filter>src</Filter>
    </ClCompile>
    <ClCompile Include="src\graphics\camera.cpp">
      <Filter>src</Filter>
    </ClCompile>
    <ClCompile Include="src\output_stream.cpp">
      <Filter>src</Filter>
    </ClCompile>
    <ClCompile Include="src\assets\msh\flat_model.cpp">
      <Filter>src</Filter>
    </ClCompile>
    <ClCompile Include="src\assets\asset_libraries.cpp">
      <Filter>src</Filter>
    </ClCompile>
    <ClCompile Include="src\world\object_class.cpp">
      <Filter>src</Filter>
    </ClCompile>
    <ClCompile Include="src\graphics\model.cpp">
      <Filter>src</Filter>
    </ClCompile>
    <ClCompile Include="src\assets\msh\validate_scene.cpp">
      <Filter>src</Filter>
    </ClCompile>
    <ClCompile Include="src\assets\msh\default_missing_scene.cpp">
      <Filter>src</Filter>
    </ClCompile>
    <ClCompile Include="src\assets\odf\default_object_class_definition.cpp">
      <Filter>src</Filter>
    </ClCompile>
    <ClCompile Include="src\assets\asset_traits.cpp">
      <Filter>src</Filter>
    </ClCompile>
    <ClCompile Include="src\assets\texture\texture.cpp">
      <Filter>src</Filter>
    </ClCompile>
    <ClCompile Include="src\assets\texture\texture_format.cpp">
      <Filter>src</Filter>
    </ClCompile>
    <ClCompile Include="src\imgui\imgui.cpp">
      <Filter>src</Filter>
    </ClCompile>
    <ClCompile Include="src\imgui\imgui_demo.cpp">
      <Filter>src</Filter>
    </ClCompile>
    <ClCompile Include="src\imgui\imgui_draw.cpp">
      <Filter>src</Filter>
    </ClCompile>
    <ClCompile Include="src\imgui\imgui_impl_win32.cpp">
      <Filter>src</Filter>
    </ClCompile>
    <ClCompile Include="src\imgui\imgui_widgets.cpp">
      <Filter>src</Filter>
    </ClCompile>
    <ClCompile Include="src\graphics\geometric_shapes.cpp">
      <Filter>src</Filter>
    </ClCompile>
    <ClCompile Include="src\graphics\frustum.cpp">
      <Filter>src</Filter>
    </ClCompile>
    <ClCompile Include="src\graphics\light_clusters.cpp">
      <Filter>src</Filter>
    </ClCompile>
    <ClCompile Include="src\assets\texture\texture_io.cpp">
      <Filter>src</Filter>
    </ClCompile>
    <ClCompile Include="src\graphics\material.cpp">
      <Filter>src</Filter>
    </ClCompile>
    <ClCompile Include="src\graphics\terrain.cpp">
      <Filter>src</Filter>
    </ClCompile>
    <ClCompile Include="src\assets\option_file.cpp">
      <Filter>src</Filter>
    </ClCompile>
    <ClCompile Include="src\assets\texture\texture_transforms.cpp">
      <Filter>src</Filter>
    </ClCompile>
    <ClCompile Include="src\utility\file_watcher.cpp">
      <Filter>src</Filter>
    </ClCompile>
    <ClCompile Include="src\assets\msh\generate_tangents.cpp">
      <Filter>src</Filter>
    </ClCompile>
    <ClCompile Include="src\assets\msh\mikktspace\mikktspace.c">
      <Filter>src</Filter>
    </ClCompile>
    <ClCompile Include="src\graphics\root_signature_library.cpp">
      <Filter>src</Filter>
    </ClCompile>
    <ClCompile Include="src\graphics\pipeline_library.cpp">
      <Filter>src</Filter>
    </ClCompile>
    <ClCompile Include="src\graphics\shader_library.cpp">
      <Filter>src</Filter>
    </ClCompile>
    <ClCompile Include="src\graphics\shader_list.cpp">
      <Filter>src</Filter>
    </ClCompile>
    <ClCompile Include="src\utility\file_pickers.cpp">
      <Filter>src</Filter>
    </ClCompile>
    <ClCompile Include="src\io\output_file.cpp">
      <Filter>src</Filter>
    </ClCompile>
    <ClCompile Include="src\world\world_io_save.cpp">
      <Filter>src</Filter>
    </ClCompile>
    <ClCompile Include="src\io\read_file.cpp">
      <Filter>src</Filter>
    </ClCompile>
    <ClCompile Include="src\imgui\imgui_tables.cpp">
      <Filter>src</Filter>
    </ClCompile>
    <ClCompile Include="src\imgui\imgui_freetype.cpp">
      <Filter>src</Filter>
    </ClCompile>
    <ClCompile Include="src\async\thread_pool.cpp">
      <Filter>src</Filter>
    </ClCompile>
    <ClCompile Include="src\commands.cpp">
      <Filter>src</Filter>
    </ClCompile>
    <ClCompile Include="src\world\raycast.cpp">
      <Filter>src</Filter>
    </ClCompile>
    <ClCompile Include="src\assets\msh\flat_model_bvh.cpp">
      <Filter>src</Filter>
    </ClCompile>
    <ClCompile Include="src\imgui\imgui_stdlib.cpp">
      <Filter>src</Filter>
    </ClCompile>
    <ClCompile Include="src\graphics\dynamic_buffer_allocator.cpp">
      <Filter>src</Filter>
    </ClCompile>
    <ClCompile Include="src\graphics\texture_manager.cpp">
      <Filter>src</Filter>
    </ClCompile>
    <ClCompile Include="src\graphics\renderer.cpp">
      <Filter>src</Filter>
    </ClCompile>
    <ClCompile Include="src\graphics\gpu\rhi.cpp">
      <Filter>src</Filter>
    </ClCompile>
    <ClCompile Include="src\graphics\copy_command_list_pool.cpp">
      <Filter>src</Filter>
    </ClCompile>
    <ClCompile Include="src\graphics\imgui_renderer.cpp">
      <Filter>src</Filter>
    </ClCompile>
    <ClCompile Include="src\assets\msh\scene.cpp">
      <Filter>src</Filter>
    </ClCompile>
    <ClCompile Include="src\math\matrix_funcs.cpp">
      <Filter>src</Filter>
    </ClCompile>
    <ClCompile Include="src\math\bounding_box.cpp">
      <Filter>src</Filter>
    </ClCompile>
    <ClCompile Include="src\graphics\shadow_camera.cpp">
      <Filter>src</Filter>
    </ClCompile>
    <ClCompile Include="src\utility\float16_packing.cpp">
      <Filter>src</Filter>
    </ClCompile>
    <ClCompile Include="src\graphics\model_manager.cpp">
      <Filter>src</Filter>
    </ClCompile>
    <ClCompile Include="src\assets\asset_ref.cpp">
      <Filter>src</Filter>
    </ClCompile>
    <ClCompile Include="src\graphics\cull_objects.cpp">
      <Filter>src</Filter>
    </ClCompile>
    <ClCompile Include="src\graphics\meta_draw_batcher.cpp">
      <Filter>src</Filter>
    </ClCompile>
    <ClCompile Include="src\graphics\profiler.cpp">
      <Filter>src</Filter>
    </ClCompile>
    <ClCompile Include="src\assets\terrain\terrain_collision.cpp">
      <Filter>src</Filter>
    </ClCompile>
    <ClCompile Include="src\hotkeys.cpp">
      <Filter>src</Filter>
    </ClCompile>
    <ClCompile Include="src\key.cpp">
      <Filter>src</Filter>
    </ClCompile>
    <ClCompile Include="src\world\utility\world_utilities.cpp">
      <Filter>src</Filter>
    </ClCompile>
    <ClCompile Include="src\world\utility\snapping.cpp">
      <Filter>src</Filter>
    </ClCompile>
    <ClCompile Include="src\imgui\imgui_ext.cpp">
      <Filter>src</Filter>
    </ClCompile>
    <ClCompile Include="src\edits\insert_entity.cpp">
      <Filter>src</Filter>
    </ClCompile>
    <ClCompile Include="src\edits\insert_node.cpp">
      <Filter>src</Filter>
    </ClCompile>
    <ClCompile Include="src\edits\creation_entity_set.cpp">
      <Filter>src</Filter>
    </ClCompile>
    <ClCompile Include="src\edits\insert_point.cpp">
      <Filter>src</Filter>
    </ClCompile>
    <ClCompile Include="src\world\utility\sector_fill.cpp">
      <Filter>src</Filter>
    </ClCompile>
    <ClCompile Include="src\world\utility\hintnode_traits.cpp">
      <Filter>src</Filter>
    </ClCompile>
    <ClCompile Include="src\world\utility\boundary_nodes.cpp">
      <Filter>src</Filter>
    </ClCompile>
    <ClCompile Include="src\edits\set_value.cpp">
      <Filter>src</Filter>
    </ClCompile>
    <ClCompile Include="src\edits\add_property.cpp">
      <Filter>src</Filter>
    </ClCompile>
    <ClCompile Include="src\world\utility\path_properties.cpp">
      <Filter>src</Filter>
    </ClCompile>
  </ItemGroup>
  <ItemGroup>
    <None Include="third_party\licenses\vcpkg.json" />
    <None Include="packages.config" />
  </ItemGroup>
  <ItemGroup>
    <Natvis Include="src\utility\implementation_storage.natvis" />
  </ItemGroup>
</Project>