<?xml version="1.0" encoding="utf-8"?>
<Project ToolsVersion="4.0" xmlns="http://schemas.microsoft.com/developer/msbuild/2003">
  <ItemGroup>
    <ClCompile Include="src\pch.cpp">
      <Filter>src</Filter>
    </ClCompile>
    <ClCompile Include="src\main.cpp">
      <Filter>src</Filter>
    </ClCompile>
    <ClCompile Include="src\utility\make_from_bytes_tests.cpp">
      <Filter>src\utility</Filter>
    </ClCompile>
    <ClCompile Include="src\assets\msh\scene_io_tests.cpp">
      <Filter>src\assets\msh</Filter>
    </ClCompile>
    <ClCompile Include="src\ucfb\reader_tests.cpp" />
    <ClCompile Include="src\utility\string_ops_tests.cpp" />
    <ClCompile Include="src\assets\odf\properties_tests.cpp" />
    <ClCompile Include="src\assets\odf\definition_io_tests.cpp" />
    <ClCompile Include="src\assets\config\key_node_tests.cpp" />
    <ClCompile Include="src\assets\config\io_tests.cpp" />
    <ClCompile Include="src\assets\config\values_tests.cpp" />
    <ClCompile Include="src\assets\terrain\terrain_io_tests.cpp" />
    <ClCompile Include="src\utility\binary_reader_tests.cpp" />
    <ClCompile Include="src\utility\srgb_conversion_tests.cpp" />
    <ClCompile Include="src\container\dynamic_array_2d_tests.cpp" />
    <ClCompile Include="src\world\world_io_load_tests.cpp" />
    <ClCompile Include="src\container\enum_array_tests.cpp" />
    <ClCompile Include="src\assets\msh\flat_model_tests.cpp" />
    <ClCompile Include="src\math\bounding_box_tests.cpp" />
    <ClCompile Include="src\assets\msh\validate_scene_tests.cpp" />
    <ClCompile Include="src\math\align_tests.cpp" />
    <ClCompile Include="src\lowercase_string_tests.cpp" />
    <ClCompile Include="src\assets\texture\texture_tests.cpp" />
    <ClCompile Include="src\world\world_utilities_tests.cpp" />
    <ClCompile Include="src\assets\texture\texture_io_tests.cpp" />
    <ClCompile Include="src\assets\option_file_tests.cpp" />
    <ClCompile Include="src\utility\event_tests.cpp" />
    <ClCompile Include="src\utility\synchronous_task_queue_tests.cpp" />
    <ClCompile Include="src\utility\command_line_tests.cpp" />
    <ClCompile Include="src\io\output_file_tests.cpp" />
    <ClCompile Include="src\world\world_io_save_tests.cpp" />
    <ClCompile Include="src\io\read_file_tests.cpp" />
    <ClCompile Include="src\world\id_tests.cpp" />
    <ClCompile Include="src\async\thread_pool_tests.cpp" />
    <ClCompile Include="src\async\wait_all_tests.cpp" />
    <ClCompile Include="src\async\get_all_tests.cpp" />
    <ClCompile Include="src\assets\asset_ref_tests.cpp" />
    <ClCompile Include="src\utility\stopwatch_tests.cpp" />
    <ClCompile Include="src\async\for_each_tests.cpp" />
    <ClCompile Include="src\utility\overload_tests.cpp" />
    <ClCompile Include="src\utility\look_for_tests.cpp" />
    <ClCompile Include="src\container\slim_bitset_tests.cpp" />
    <ClCompile Include="src\key_input_manager_tests.cpp" />
    <ClCompile Include="src\commands_test.cpp" />
    <ClCompile Include="src\actions\stack_tests.cpp" />
    <ClCompile Include="src\actions\ui_action_tests.cpp" />
    <ClCompile Include="src\actions\world_test_data.cpp" />
    <ClCompile Include="src\graphics\gpu\resource_tests.cpp" />
    <ClCompile Include="src\utility\implementation_storage_tests.cpp" />
    <ClCompile Include="src\graphics\gpu\detail\descriptor_allocator_tests.cpp" />
    <ClCompile Include="src\math\vector_funcs_tests.cpp" />
    <ClCompile Include="src\math\matrix_funcs_tests.cpp" />
    <ClCompile Include="src\utility\float16_packing_tests.cpp" />
    <ClCompile Include="src\allocators\aligned_allocator_tests.cpp" />
  </ItemGroup>
  <ItemGroup>
    <Filter Include="src">
      <UniqueIdentifier>{12e54842-49d0-4d20-92de-b840a34b3343}</UniqueIdentifier>
    </Filter>
    <Filter Include="src\assets">
      <UniqueIdentifier>{42af8e07-cf9d-4903-b366-c9c63b171084}</UniqueIdentifier>
    </Filter>
    <Filter Include="src\assets\msh">
      <UniqueIdentifier>{c2ae6b24-3fe7-4c9a-b5c9-bb3687912f54}</UniqueIdentifier>
    </Filter>
    <Filter Include="src\utility">
      <UniqueIdentifier>{17ce80f3-64e7-4e22-b768-92a5a4e7b5fd}</UniqueIdentifier>
    </Filter>
  </ItemGroup>
  <ItemGroup>
    <ClInclude Include="src\pch.h">
      <Filter>src</Filter>
    </ClInclude>
    <ClInclude Include="src\approx_test_helpers.hpp" />
    <ClInclude Include="src\actions\world_test_data.hpp" />
  </ItemGroup>
  <ItemGroup>
    <None Include="Catch2Adapter.runsettings" />
    <None Include="packages.config" />
  </ItemGroup>
</Project>