<?xml version="1.0" encoding="utf-8"?>
<Project ToolsVersion="4.0" xmlns="http://schemas.microsoft.com/developer/msbuild/2003">
  <ItemGroup>
    <ClCompile Include="src\main.cpp" />
    <ClCompile Include="src\world_edit.cpp" />
    <ClCompile Include="src\dx_agility_sdk_exports.cpp" />
    <ClCompile Include="src\world_edit_commands.cpp" />
    <ClCompile Include="src\world_edit_ui.cpp" />
  </ItemGroup>
  <ItemGroup>
    <ClInclude Include="src\world_edit.hpp" />
    <ClInclude Include="src\resource.h" />
  </ItemGroup>
  <ItemGroup>
    <None Include="packages.config" />
  </ItemGroup>
  <ItemGroup>
    <ResourceCompile Include="src\resource.rc" />
  </ItemGroup>
</Project>