<?xml version="1.0" encoding="utf-8"?>
<Project ToolsVersion="4.0" xmlns="http://schemas.microsoft.com/developer/msbuild/2003">
  <ItemGroup>
    <ClCompile Include="src\main.cpp" />
    <ClCompile Include="src\world_edit.cpp" />
    <ClCompile Include="src\dx_agility_sdk_exports.cpp" />
    <ClCompile Include="src\world_edit_commands.cpp" />
    <ClCompile Include="src\world_edit_ui.cpp" />
    <ClCompile Include="src\new_delete_override.cpp" />
    <ClCompile Include="src\world_edit_ui_main_menu_bar.cpp" />
    <ClCompile Include="src\world_edit_ui_active_world_context.cpp" />
    <ClCompile Include="src\world_edit_ui_hotkeys_view.cpp" />
    <ClCompile Include="src\world_edit_ui_world_selection_editor.cpp" />
    <ClCompile Include="src\world_edit_ui_world_creation_editor.cpp" />
    <ClCompile Include="src\world_edit_ui_world_global_lights_editor.cpp" />
    <ClCompile Include="src\world_edit_ui_world_layers_editor.cpp" />
    <ClCompile Include="src\world_edit_ui_world_game_mode_editor.cpp" />
    <ClCompile Include="src\world_edit_ui_world_requirements_editor.cpp" />
    <ClCompile Include="src\world_edit_ui_world_explorer.cpp" />
    <ClCompile Include="src\world_edit_ui_camera_controls.cpp" />
    <ClCompile Include="src\world_edit_ui_world_selection_move.cpp" />
    <ClCompile Include="src\world_edit_ui_world_selection_move_path.cpp" />
    <ClCompile Include="src\world_edit_ui_world_selection_move_sector_point.cpp" />
    <ClCompile Include="src\world_edit_ui_world_selection_rotate.cpp" />
    <ClCompile Include="src\world_edit_ui_world_selection_rotate_around_centre.cpp" />
    <ClCompile Include="src\world_edit_ui_world_stats.cpp" />
    <ClCompile Include="src\world_edit_ui_world_selection_set_layer.cpp" />
    <ClCompile Include="src\world_edit_ui_about_window.cpp" />
    <ClCompile Include="src\world_edit_ui_object_class_browser.cpp" />
    <ClCompile Include="src\world_edit_ui_render_env_map.cpp" />
    <ClCompile Include="src\world_edit_ui_world_selection_move_with_cursor.cpp" />
    <ClCompile Include="src\world_edit_ui_terrain_editor.cpp" />
    <ClCompile Include="src\world_edit_ui_terrain_import_heightmap.cpp" />
    <ClCompile Include="src\world_edit_ui_terrain_resize.cpp" />
    <ClCompile Include="src\world_edit_ui_terrain_crop.cpp" />
    <ClCompile Include="src\world_edit_ui_terrain_extend.cpp" />
    <ClCompile Include="src\world_edit_ui_measurement_tool.cpp" />
    <ClCompile Include="src\world_edit_ui_terrain_import_texture_weight_map.cpp" />
    <ClCompile Include="src\world_edit_ui_water_editor.cpp" />
    <ClCompile Include="src\world_edit_ui_foliage_editor.cpp" />
    <ClCompile Include="src\world_edit_ui_terrain_import_color_map.cpp" />
    <ClCompile Include="src\world_edit_ui_world_selection_match_transform.cpp" />
    <ClCompile Include="src\world_edit_ui_world_selection_pick_sector.cpp" />
    <ClCompile Include="src\world_edit_ui_animation_editor.cpp" />
    <ClCompile Include="src\world_edit_ui_animation_group_editor.cpp" />
  </ItemGroup>
  <ItemGroup>
    <ClInclude Include="src\world_edit.hpp" />
    <ClInclude Include="src\resource.h" />
  </ItemGroup>
  <ItemGroup>
    <ResourceCompile Include="src\resource.rc" />
  </ItemGroup>
  <ItemGroup>
    <Xml Include="manifest.xml" />
  </ItemGroup>
  <ItemGroup>
    <None Include="packages.config" />
  </ItemGroup>
</Project>